// !$*UTF8*$!
{
	archiveVersion = 1;
	classes = {
	};
	objectVersion = 55;
	objects = {

/* Begin PBXBuildFile section */
		1D23966027B4A91200DD0688 /* MovieCell.swift in Sources */ = {isa = PBXBuildFile; fileRef = 1D23965F27B4A91200DD0688 /* MovieCell.swift */; };
		534CB7FD5F8933A73CF88783 /* Pods_Flix1.framework in Frameworks */ = {isa = PBXBuildFile; fileRef = D3B8F6AAC00B58B7313F027F /* Pods_Flix1.framework */; };
		78555C8627A9A66400EDD8E0 /* AppDelegate.swift in Sources */ = {isa = PBXBuildFile; fileRef = 78555C8527A9A66400EDD8E0 /* AppDelegate.swift */; };
		78555C8827A9A66400EDD8E0 /* SceneDelegate.swift in Sources */ = {isa = PBXBuildFile; fileRef = 78555C8727A9A66400EDD8E0 /* SceneDelegate.swift */; };
		78555C8D27A9A66400EDD8E0 /* Main.storyboard in Resources */ = {isa = PBXBuildFile; fileRef = 78555C8B27A9A66400EDD8E0 /* Main.storyboard */; };
		78555C8F27A9A66700EDD8E0 /* Assets.xcassets in Resources */ = {isa = PBXBuildFile; fileRef = 78555C8E27A9A66700EDD8E0 /* Assets.xcassets */; };
		78555C9227A9A66700EDD8E0 /* LaunchScreen.storyboard in Resources */ = {isa = PBXBuildFile; fileRef = 78555C9027A9A66700EDD8E0 /* LaunchScreen.storyboard */; };
		78555C9C27A9B07600EDD8E0 /* MoviesviewController.swift in Sources */ = {isa = PBXBuildFile; fileRef = 78555C9B27A9B07600EDD8E0 /* MoviesviewController.swift */; };
/* End PBXBuildFile section */

/* Begin PBXFileReference section */
		1D23965F27B4A91200DD0688 /* MovieCell.swift */ = {isa = PBXFileReference; lastKnownFileType = sourcecode.swift; path = MovieCell.swift; sourceTree = "<group>"; };
		78555C8227A9A66400EDD8E0 /* Flix1.app */ = {isa = PBXFileReference; explicitFileType = wrapper.application; includeInIndex = 0; path = Flix1.app; sourceTree = BUILT_PRODUCTS_DIR; };
		78555C8527A9A66400EDD8E0 /* AppDelegate.swift */ = {isa = PBXFileReference; lastKnownFileType = sourcecode.swift; path = AppDelegate.swift; sourceTree = "<group>"; };
		78555C8727A9A66400EDD8E0 /* SceneDelegate.swift */ = {isa = PBXFileReference; lastKnownFileType = sourcecode.swift; path = SceneDelegate.swift; sourceTree = "<group>"; };
		78555C8C27A9A66400EDD8E0 /* Base */ = {isa = PBXFileReference; lastKnownFileType = file.storyboard; name = Base; path = Base.lproj/Main.storyboard; sourceTree = "<group>"; };
		78555C8E27A9A66700EDD8E0 /* Assets.xcassets */ = {isa = PBXFileReference; lastKnownFileType = folder.assetcatalog; path = Assets.xcassets; sourceTree = "<group>"; };
		78555C9127A9A66700EDD8E0 /* Base */ = {isa = PBXFileReference; lastKnownFileType = file.storyboard; name = Base; path = Base.lproj/LaunchScreen.storyboard; sourceTree = "<group>"; };
		78555C9327A9A66700EDD8E0 /* Info.plist */ = {isa = PBXFileReference; lastKnownFileType = text.plist.xml; path = Info.plist; sourceTree = "<group>"; };
		78555C9B27A9B07600EDD8E0 /* MoviesviewController.swift */ = {isa = PBXFileReference; lastKnownFileType = sourcecode.swift; path = MoviesviewController.swift; sourceTree = "<group>"; };
		96C8365FDB29E58DBDF668E7 /* Pods-Flix1.release.xcconfig */ = {isa = PBXFileReference; includeInIndex = 1; lastKnownFileType = text.xcconfig; name = "Pods-Flix1.release.xcconfig"; path = "Target Support Files/Pods-Flix1/Pods-Flix1.release.xcconfig"; sourceTree = "<group>"; };
		B4218A1FA6087D054FA5B8B1 /* Pods-Flix1.debug.xcconfig */ = {isa = PBXFileReference; includeInIndex = 1; lastKnownFileType = text.xcconfig; name = "Pods-Flix1.debug.xcconfig"; path = "Target Support Files/Pods-Flix1/Pods-Flix1.debug.xcconfig"; sourceTree = "<group>"; };
		D3B8F6AAC00B58B7313F027F /* Pods_Flix1.framework */ = {isa = PBXFileReference; explicitFileType = wrapper.framework; includeInIndex = 0; path = Pods_Flix1.framework; sourceTree = BUILT_PRODUCTS_DIR; };
/* End PBXFileReference section */

/* Begin PBXFrameworksBuildPhase section */
		78555C7F27A9A66400EDD8E0 /* Frameworks */ = {
			isa = PBXFrameworksBuildPhase;
			buildActionMask = 2147483647;
			files = (
				534CB7FD5F8933A73CF88783 /* Pods_Flix1.framework in Frameworks */,
			);
			runOnlyForDeploymentPostprocessing = 0;
		};
/* End PBXFrameworksBuildPhase section */

/* Begin PBXGroup section */
		70496E0AA6E39D200BDB4A23 /* Frameworks */ = {
			isa = PBXGroup;
			children = (
				D3B8F6AAC00B58B7313F027F /* Pods_Flix1.framework */,
			);
			name = Frameworks;
			sourceTree = "<group>";
		};
		78555C7927A9A66400EDD8E0 = {
			isa = PBXGroup;
			children = (
				78555C8427A9A66400EDD8E0 /* Flix1 */,
				78555C8327A9A66400EDD8E0 /* Products */,
				E480487746FB3B41806955F8 /* Pods */,
				70496E0AA6E39D200BDB4A23 /* Frameworks */,
			);
			sourceTree = "<group>";
		};
		78555C8327A9A66400EDD8E0 /* Products */ = {
			isa = PBXGroup;
			children = (
				78555C8227A9A66400EDD8E0 /* Flix1.app */,
			);
			name = Products;
			sourceTree = "<group>";
		};
		78555C8427A9A66400EDD8E0 /* Flix1 */ = {
			isa = PBXGroup;
			children = (
				78555C8527A9A66400EDD8E0 /* AppDelegate.swift */,
				78555C8727A9A66400EDD8E0 /* SceneDelegate.swift */,
				78555C8B27A9A66400EDD8E0 /* Main.storyboard */,
				1D23965F27B4A91200DD0688 /* MovieCell.swift */,
				78555C8E27A9A66700EDD8E0 /* Assets.xcassets */,
				78555C9027A9A66700EDD8E0 /* LaunchScreen.storyboard */,
				78555C9327A9A66700EDD8E0 /* Info.plist */,
				78555C9B27A9B07600EDD8E0 /* MoviesviewController.swift */,
			);
			path = Flix1;
			sourceTree = "<group>";
		};
		E480487746FB3B41806955F8 /* Pods */ = {
			isa = PBXGroup;
			children = (
				B4218A1FA6087D054FA5B8B1 /* Pods-Flix1.debug.xcconfig */,
				96C8365FDB29E58DBDF668E7 /* Pods-Flix1.release.xcconfig */,
			);
			name = Pods;
			path = Pods;
			sourceTree = "<group>";
		};
/* End PBXGroup section */

/* Begin PBXNativeTarget section */
		78555C8127A9A66400EDD8E0 /* Flix1 */ = {
			isa = PBXNativeTarget;
			buildConfigurationList = 78555C9627A9A66700EDD8E0 /* Build configuration list for PBXNativeTarget "Flix1" */;
			buildPhases = (
				C33FA3B62BFE8EB45AD49035 /* [CP] Check Pods Manifest.lock */,
				78555C7E27A9A66400EDD8E0 /* Sources */,
				78555C7F27A9A66400EDD8E0 /* Frameworks */,
				78555C8027A9A66400EDD8E0 /* Resources */,
				68C8ABA26A0055789F6435E7 /* [CP] Embed Pods Frameworks */,
			);
			buildRules = (
			);
			dependencies = (
			);
			name = Flix1;
			productName = Flix1;
			productReference = 78555C8227A9A66400EDD8E0 /* Flix1.app */;
			productType = "com.apple.product-type.application";
		};
/* End PBXNativeTarget section */

/* Begin PBXProject section */
		78555C7A27A9A66400EDD8E0 /* Project object */ = {
			isa = PBXProject;
			attributes = {
				BuildIndependentTargetsInParallel = 1;
				LastSwiftUpdateCheck = 1320;
				LastUpgradeCheck = 1320;
				TargetAttributes = {
					78555C8127A9A66400EDD8E0 = {
						CreatedOnToolsVersion = 13.2;
					};
				};
			};
			buildConfigurationList = 78555C7D27A9A66400EDD8E0 /* Build configuration list for PBXProject "Flix1" */;
			compatibilityVersion = "Xcode 13.0";
			developmentRegion = en;
			hasScannedForEncodings = 0;
			knownRegions = (
				en,
				Base,
			);
			mainGroup = 78555C7927A9A66400EDD8E0;
			productRefGroup = 78555C8327A9A66400EDD8E0 /* Products */;
			projectDirPath = "";
			projectRoot = "";
			targets = (
				78555C8127A9A66400EDD8E0 /* Flix1 */,
			);
		};
/* End PBXProject section */

/* Begin PBXResourcesBuildPhase section */
		78555C8027A9A66400EDD8E0 /* Resources */ = {
			isa = PBXResourcesBuildPhase;
			buildActionMask = 2147483647;
			files = (
				78555C9227A9A66700EDD8E0 /* LaunchScreen.storyboard in Resources */,
				78555C8F27A9A66700EDD8E0 /* Assets.xcassets in Resources */,
				78555C8D27A9A66400EDD8E0 /* Main.storyboard in Resources */,
			);
			runOnlyForDeploymentPostprocessing = 0;
		};
/* End PBXResourcesBuildPhase section */

/* Begin PBXShellScriptBuildPhase section */
		68C8ABA26A0055789F6435E7 /* [CP] Embed Pods Frameworks */ = {
			isa = PBXShellScriptBuildPhase;
			buildActionMask = 2147483647;
			files = (
			);
			inputFileListPaths = (
				"${PODS_ROOT}/Target Support Files/Pods-Flix1/Pods-Flix1-frameworks-${CONFIGURATION}-input-files.xcfilelist",
			);
			name = "[CP] Embed Pods Frameworks";
			outputFileListPaths = (
				"${PODS_ROOT}/Target Support Files/Pods-Flix1/Pods-Flix1-frameworks-${CONFIGURATION}-output-files.xcfilelist",
			);
			runOnlyForDeploymentPostprocessing = 0;
			shellPath = /bin/sh;
			shellScript = "\"${PODS_ROOT}/Target Support Files/Pods-Flix1/Pods-Flix1-frameworks.sh\"\n";
			showEnvVarsInLog = 0;
		};
		C33FA3B62BFE8EB45AD49035 /* [CP] Check Pods Manifest.lock */ = {
			isa = PBXShellScriptBuildPhase;
			buildActionMask = 2147483647;
			files = (
			);
			inputFileListPaths = (
			);
			inputPaths = (
				"${PODS_PODFILE_DIR_PATH}/Podfile.lock",
				"${PODS_ROOT}/Manifest.lock",
			);
			name = "[CP] Check Pods Manifest.lock";
			outputFileListPaths = (
			);
			outputPaths = (
				"$(DERIVED_FILE_DIR)/Pods-Flix1-checkManifestLockResult.txt",
			);
			runOnlyForDeploymentPostprocessing = 0;
			shellPath = /bin/sh;
			shellScript = "diff \"${PODS_PODFILE_DIR_PATH}/Podfile.lock\" \"${PODS_ROOT}/Manifest.lock\" > /dev/null\nif [ $? != 0 ] ; then\n    # print error to STDERR\n    echo \"error: The sandbox is not in sync with the Podfile.lock. Run 'pod install' or update your CocoaPods installation.\" >&2\n    exit 1\nfi\n# This output is used by Xcode 'outputs' to avoid re-running this script phase.\necho \"SUCCESS\" > \"${SCRIPT_OUTPUT_FILE_0}\"\n";
			showEnvVarsInLog = 0;
		};
/* End PBXShellScriptBuildPhase section */

/* Begin PBXSourcesBuildPhase section */
		78555C7E27A9A66400EDD8E0 /* Sources */ = {
			isa = PBXSourcesBuildPhase;
			buildActionMask = 2147483647;
			files = (
				78555C8627A9A66400EDD8E0 /* AppDelegate.swift in Sources */,
				78555C8827A9A66400EDD8E0 /* SceneDelegate.swift in Sources */,
				1D23966027B4A91200DD0688 /* MovieCell.swift in Sources */,
				78555C9C27A9B07600EDD8E0 /* MoviesviewController.swift in Sources */,
			);
			runOnlyForDeploymentPostprocessing = 0;
		};
/* End PBXSourcesBuildPhase section */

/* Begin PBXVariantGroup section */
		78555C8B27A9A66400EDD8E0 /* Main.storyboard */ = {
			isa = PBXVariantGroup;
			children = (
				78555C8C27A9A66400EDD8E0 /* Base */,
			);
			name = Main.storyboard;
			sourceTree = "<group>";
		};
		78555C9027A9A66700EDD8E0 /* LaunchScreen.storyboard */ = {
			isa = PBXVariantGroup;
			children = (
				78555C9127A9A66700EDD8E0 /* Base */,
			);
			name = LaunchScreen.storyboard;
			sourceTree = "<group>";
		};
/* End PBXVariantGroup section */

/* Begin XCBuildConfiguration section */
		78555C9427A9A66700EDD8E0 /* Debug */ = {
			isa = XCBuildConfiguration;
			buildSettings = {
				ALWAYS_SEARCH_USER_PATHS = NO;
				CLANG_ANALYZER_NONNULL = YES;
				CLANG_ANALYZER_NUMBER_OBJECT_CONVERSION = YES_AGGRESSIVE;
				CLANG_CXX_LANGUAGE_STANDARD = "gnu++17";
				CLANG_CXX_LIBRARY = "libc++";
				CLANG_ENABLE_MODULES = YES;
				CLANG_ENABLE_OBJC_ARC = YES;
				CLANG_ENABLE_OBJC_WEAK = YES;
				CLANG_WARN_BLOCK_CAPTURE_AUTORELEASING = YES;
				CLANG_WARN_BOOL_CONVERSION = YES;
				CLANG_WARN_COMMA = YES;
				CLANG_WARN_CONSTANT_CONVERSION = YES;
				CLANG_WARN_DEPRECATED_OBJC_IMPLEMENTATIONS = YES;
				CLANG_WARN_DIRECT_OBJC_ISA_USAGE = YES_ERROR;
				CLANG_WARN_DOCUMENTATION_COMMENTS = YES;
				CLANG_WARN_EMPTY_BODY = YES;
				CLANG_WARN_ENUM_CONVERSION = YES;
				CLANG_WARN_INFINITE_RECURSION = YES;
				CLANG_WARN_INT_CONVERSION = YES;
				CLANG_WARN_NON_LITERAL_NULL_CONVERSION = YES;
				CLANG_WARN_OBJC_IMPLICIT_RETAIN_SELF = YES;
				CLANG_WARN_OBJC_LITERAL_CONVERSION = YES;
				CLANG_WARN_OBJC_ROOT_CLASS = YES_ERROR;
				CLANG_WARN_QUOTED_INCLUDE_IN_FRAMEWORK_HEADER = YES;
				CLANG_WARN_RANGE_LOOP_ANALYSIS = YES;
				CLANG_WARN_STRICT_PROTOTYPES = YES;
				CLANG_WARN_SUSPICIOUS_MOVE = YES;
				CLANG_WARN_UNGUARDED_AVAILABILITY = YES_AGGRESSIVE;
				CLANG_WARN_UNREACHABLE_CODE = YES;
				CLANG_WARN__DUPLICATE_METHOD_MATCH = YES;
				COPY_PHASE_STRIP = NO;
				DEBUG_INFORMATION_FORMAT = dwarf;
				ENABLE_STRICT_OBJC_MSGSEND = YES;
				ENABLE_TESTABILITY = YES;
				GCC_C_LANGUAGE_STANDARD = gnu11;
				GCC_DYNAMIC_NO_PIC = NO;
				GCC_NO_COMMON_BLOCKS = YES;
				GCC_OPTIMIZATION_LEVEL = 0;
				GCC_PREPROCESSOR_DEFINITIONS = (
					"DEBUG=1",
					"$(inherited)",
				);
				GCC_WARN_64_TO_32_BIT_CONVERSION = YES;
				GCC_WARN_ABOUT_RETURN_TYPE = YES_ERROR;
				GCC_WARN_UNDECLARED_SELECTOR = YES;
				GCC_WARN_UNINITIALIZED_AUTOS = YES_AGGRESSIVE;
				GCC_WARN_UNUSED_FUNCTION = YES;
				GCC_WARN_UNUSED_VARIABLE = YES;
				IPHONEOS_DEPLOYMENT_TARGET = 15.2;
				MTL_ENABLE_DEBUG_INFO = INCLUDE_SOURCE;
				MTL_FAST_MATH = YES;
				ONLY_ACTIVE_ARCH = YES;
				SDKROOT = iphoneos;
				SWIFT_ACTIVE_COMPILATION_CONDITIONS = DEBUG;
				SWIFT_OPTIMIZATION_LEVEL = "-Onone";
			};
			name = Debug;
		};
		78555C9527A9A66700EDD8E0 /* Release */ = {
			isa = XCBuildConfiguration;
			buildSettings = {
				ALWAYS_SEARCH_USER_PATHS = NO;
				CLANG_ANALYZER_NONNULL = YES;
				CLANG_ANALYZER_NUMBER_OBJECT_CONVERSION = YES_AGGRESSIVE;
				CLANG_CXX_LANGUAGE_STANDARD = "gnu++17";
				CLANG_CXX_LIBRARY = "libc++";
				CLANG_ENABLE_MODULES = YES;
				CLANG_ENABLE_OBJC_ARC = YES;
				CLANG_ENABLE_OBJC_WEAK = YES;
				CLANG_WARN_BLOCK_CAPTURE_AUTORELEASING = YES;
				CLANG_WARN_BOOL_CONVERSION = YES;
				CLANG_WARN_COMMA = YES;
				CLANG_WARN_CONSTANT_CONVERSION = YES;
				CLANG_WARN_DEPRECATED_OBJC_IMPLEMENTATIONS = YES;
				CLANG_WARN_DIRECT_OBJC_ISA_USAGE = YES_ERROR;
				CLANG_WARN_DOCUMENTATION_COMMENTS = YES;
				CLANG_WARN_EMPTY_BODY = YES;
				CLANG_WARN_ENUM_CONVERSION = YES;
				CLANG_WARN_INFINITE_RECURSION = YES;
				CLANG_WARN_INT_CONVERSION = YES;
				CLANG_WARN_NON_LITERAL_NULL_CONVERSION = YES;
				CLANG_WARN_OBJC_IMPLICIT_RETAIN_SELF = YES;
				CLANG_WARN_OBJC_LITERAL_CONVERSION = YES;
				CLANG_WARN_OBJC_ROOT_CLASS = YES_ERROR;
				CLANG_WARN_QUOTED_INCLUDE_IN_FRAMEWORK_HEADER = YES;
				CLANG_WARN_RANGE_LOOP_ANALYSIS = YES;
				CLANG_WARN_STRICT_PROTOTYPES = YES;
				CLANG_WARN_SUSPICIOUS_MOVE = YES;
				CLANG_WARN_UNGUARDED_AVAILABILITY = YES_AGGRESSIVE;
				CLANG_WARN_UNREACHABLE_CODE = YES;
				CLANG_WARN__DUPLICATE_METHOD_MATCH = YES;
				COPY_PHASE_STRIP = NO;
				DEBUG_INFORMATION_FORMAT = "dwarf-with-dsym";
				ENABLE_NS_ASSERTIONS = NO;
				ENABLE_STRICT_OBJC_MSGSEND = YES;
				GCC_C_LANGUAGE_STANDARD = gnu11;
				GCC_NO_COMMON_BLOCKS = YES;
				GCC_WARN_64_TO_32_BIT_CONVERSION = YES;
				GCC_WARN_ABOUT_RETURN_TYPE = YES_ERROR;
				GCC_WARN_UNDECLARED_SELECTOR = YES;
				GCC_WARN_UNINITIALIZED_AUTOS = YES_AGGRESSIVE;
				GCC_WARN_UNUSED_FUNCTION = YES;
				GCC_WARN_UNUSED_VARIABLE = YES;
				IPHONEOS_DEPLOYMENT_TARGET = 15.2;
				MTL_ENABLE_DEBUG_INFO = NO;
				MTL_FAST_MATH = YES;
				SDKROOT = iphoneos;
				SWIFT_COMPILATION_MODE = wholemodule;
				SWIFT_OPTIMIZATION_LEVEL = "-O";
				VALIDATE_PRODUCT = YES;
			};
			name = Release;
		};
		78555C9727A9A66700EDD8E0 /* Debug */ = {
			isa = XCBuildConfiguration;
			baseConfigurationReference = B4218A1FA6087D054FA5B8B1 /* Pods-Flix1.debug.xcconfig */;
			buildSettings = {
				ASSETCATALOG_COMPILER_APPICON_NAME = AppIcon;
				ASSETCATALOG_COMPILER_GLOBAL_ACCENT_COLOR_NAME = AccentColor;
				CODE_SIGN_STYLE = Automatic;
				CURRENT_PROJECT_VERSION = 1;
				DEVELOPMENT_TEAM = 67WY8QU2QX;
				GENERATE_INFOPLIST_FILE = YES;
				INFOPLIST_FILE = Flix1/Info.plist;
				INFOPLIST_KEY_UIApplicationSupportsIndirectInputEvents = YES;
				INFOPLIST_KEY_UILaunchStoryboardName = LaunchScreen;
				INFOPLIST_KEY_UIMainStoryboardFile = Main;
				INFOPLIST_KEY_UISupportedInterfaceOrientations_iPad = "UIInterfaceOrientationPortrait UIInterfaceOrientationPortraitUpsideDown UIInterfaceOrientationLandscapeLeft UIInterfaceOrientationLandscapeRight";
				INFOPLIST_KEY_UISupportedInterfaceOrientations_iPhone = "UIInterfaceOrientationPortrait UIInterfaceOrientationLandscapeLeft UIInterfaceOrientationLandscapeRight";
				LD_RUNPATH_SEARCH_PATHS = (
					"$(inherited)",
					"@executable_path/Frameworks",
				);
				MARKETING_VERSION = 1.0;
				PRODUCT_BUNDLE_IDENTIFIER = com.Osiel.Flix1;
				PRODUCT_NAME = "$(TARGET_NAME)";
				SWIFT_EMIT_LOC_STRINGS = YES;
				SWIFT_VERSION = 5.0;
				TARGETED_DEVICE_FAMILY = "1,2";
			};
			name = Debug;
		};
		78555C9827A9A66700EDD8E0 /* Release */ = {
			isa = XCBuildConfiguration;
			baseConfigurationReference = 96C8365FDB29E58DBDF668E7 /* Pods-Flix1.release.xcconfig */;
			buildSettings = {
				ASSETCATALOG_COMPILER_APPICON_NAME = AppIcon;
				ASSETCATALOG_COMPILER_GLOBAL_ACCENT_COLOR_NAME = AccentColor;
				CODE_SIGN_STYLE = Automatic;
				CURRENT_PROJECT_VERSION = 1;
				DEVELOPMENT_TEAM = 67WY8QU2QX;
				GENERATE_INFOPLIST_FILE = YES;
				INFOPLIST_FILE = Flix1/Info.plist;
				INFOPLIST_KEY_UIApplicationSupportsIndirectInputEvents = YES;
				INFOPLIST_KEY_UILaunchStoryboardName = LaunchScreen;
				INFOPLIST_KEY_UIMainStoryboardFile = Main;
				INFOPLIST_KEY_UISupportedInterfaceOrientations_iPad = "UIInterfaceOrientationPortrait UIInterfaceOrientationPortraitUpsideDown UIInterfaceOrientationLandscapeLeft UIInterfaceOrientationLandscapeRight";
				INFOPLIST_KEY_UISupportedInterfaceOrientations_iPhone = "UIInterfaceOrientationPortrait UIInterfaceOrientationLandscapeLeft UIInterfaceOrientationLandscapeRight";
				LD_RUNPATH_SEARCH_PATHS = (
					"$(inherited)",
					"@executable_path/Frameworks",
				);
				MARKETING_VERSION = 1.0;
				PRODUCT_BUNDLE_IDENTIFIER = com.Osiel.Flix1;
				PRODUCT_NAME = "$(TARGET_NAME)";
				SWIFT_EMIT_LOC_STRINGS = YES;
				SWIFT_VERSION = 5.0;
				TARGETED_DEVICE_FAMILY = "1,2";
			};
			name = Release;
		};
/* End XCBuildConfiguration section */

/* Begin XCConfigurationList section */
		78555C7D27A9A66400EDD8E0 /* Build configuration list for PBXProject "Flix1" */ = {
			isa = XCConfigurationList;
			buildConfigurations = (
				78555C9427A9A66700EDD8E0 /* Debug */,
				78555C9527A9A66700EDD8E0 /* Release */,
			);
			defaultConfigurationIsVisible = 0;
			defaultConfigurationName = Release;
		};
		78555C9627A9A66700EDD8E0 /* Build configuration list for PBXNativeTarget "Flix1" */ = {
			isa = XCConfigurationList;
			buildConfigurations = (
				78555C9727A9A66700EDD8E0 /* Debug */,
				78555C9827A9A66700EDD8E0 /* Release */,
			);
			defaultConfigurationIsVisible = 0;
			defaultConfigurationName = Release;
		};
/* End XCConfigurationList section */
	};
	rootObject = 78555C7A27A9A66400EDD8E0 /* Project object */;
}
